
Microsoft Visual Studio Solution File, Format Version 12.00
# Visual Studio Version 17
VisualStudioVersion = 17.5.33424.131
MinimumVisualStudioVersion = 10.0.40219.1
Project("{2150E333-8FDC-42A3-9474-1A3956D46DE8}") = "GenericCache.Test", "GenericCache.Test", "{9F9C7AFD-F992-4915-AB5A-A76B486B3533}"
EndProject
Project("{2150E333-8FDC-42A3-9474-1A3956D46DE8}") = "UnitTests", "UnitTests", "{F52F202F-3395-4843-9B88-7D88A6628A63}"
EndProject
Project("{9A19103F-16F7-4668-BE54-9A1E7A4F7556}") = "GenericCache.Caching.Test", "GenericCache.Caching.Test\GenericCache.Caching.Test.csproj", "{29FBDAA4-64ED-4130-A411-37B11D570B4C}"
EndProject
Project("{9A19103F-16F7-4668-BE54-9A1E7A4F7556}") = "GenericCache.Api", "GenericCache.Api\GenericCache.Api.csproj", "{37013683-BB0C-46BC-885E-A710323576EB}"
EndProject
Project("{9A19103F-16F7-4668-BE54-9A1E7A4F7556}") = "GenericCache.Caching", "GenericCache.Caching\GenericCache.Caching.csproj", "{5DC5DB2B-1F0B-4F9D-A9AD-A33E46A03152}"
EndProject
Project("{9A19103F-16F7-4668-BE54-9A1E7A4F7556}") = "GenericCache.Domain", "GenericCache.Domain\GenericCache.Domain.csproj", "{D55FCECF-6B12-4EA5-AE25-E07D2AC08427}"
EndProject
Global
	GlobalSection(SolutionConfigurationPlatforms) = preSolution
		Debug|Any CPU = Debug|Any CPU
		Release|Any CPU = Release|Any CPU
	EndGlobalSection
	GlobalSection(ProjectConfigurationPlatforms) = postSolution
		{29FBDAA4-64ED-4130-A411-37B11D570B4C}.Debug|Any CPU.ActiveCfg = Debug|Any CPU
		{29FBDAA4-64ED-4130-A411-37B11D570B4C}.Debug|Any CPU.Build.0 = Debug|Any CPU
		{29FBDAA4-64ED-4130-A411-37B11D570B4C}.Release|Any CPU.ActiveCfg = Release|Any CPU
		{29FBDAA4-64ED-4130-A411-37B11D570B4C}.Release|Any CPU.Build.0 = Release|Any CPU
		{37013683-BB0C-46BC-885E-A710323576EB}.Debug|Any CPU.ActiveCfg = Debug|Any CPU
		{37013683-BB0C-46BC-885E-A710323576EB}.Debug|Any CPU.Build.0 = Debug|Any CPU
		{37013683-BB0C-46BC-885E-A710323576EB}.Release|Any CPU.ActiveCfg = Release|Any CPU
		{37013683-BB0C-46BC-885E-A710323576EB}.Release|Any CPU.Build.0 = Release|Any CPU
		{5DC5DB2B-1F0B-4F9D-A9AD-A33E46A03152}.Debug|Any CPU.ActiveCfg = Debug|Any CPU
		{5DC5DB2B-1F0B-4F9D-A9AD-A33E46A03152}.Debug|Any CPU.Build.0 = Debug|Any CPU
		{5DC5DB2B-1F0B-4F9D-A9AD-A33E46A03152}.Release|Any CPU.ActiveCfg = Release|Any CPU
		{5DC5DB2B-1F0B-4F9D-A9AD-A33E46A03152}.Release|Any CPU.Build.0 = Release|Any CPU
		{D55FCECF-6B12-4EA5-AE25-E07D2AC08427}.Debug|Any CPU.ActiveCfg = Debug|Any CPU
		{D55FCECF-6B12-4EA5-AE25-E07D2AC08427}.Debug|Any CPU.Build.0 = Debug|Any CPU
		{D55FCECF-6B12-4EA5-AE25-E07D2AC08427}.Release|Any CPU.ActiveCfg = Release|Any CPU
		{D55FCECF-6B12-4EA5-AE25-E07D2AC08427}.Release|Any CPU.Build.0 = Release|Any CPU
	EndGlobalSection
	GlobalSection(SolutionProperties) = preSolution
		HideSolutionNode = FALSE
	EndGlobalSection
	GlobalSection(NestedProjects) = preSolution
		{F52F202F-3395-4843-9B88-7D88A6628A63} = {9F9C7AFD-F992-4915-AB5A-A76B486B3533}
		{29FBDAA4-64ED-4130-A411-37B11D570B4C} = {F52F202F-3395-4843-9B88-7D88A6628A63}
	EndGlobalSection
	GlobalSection(ExtensibilityGlobals) = postSolution
		SolutionGuid = {502D7D26-4B6C-482F-8028-D6648ECA4839}
	EndGlobalSection
EndGlobal
